
Microsoft Visual Studio Solution File, Format Version 12.00
# Visual Studio Version 17
VisualStudioVersion = 17.11.35222.181
MinimumVisualStudioVersion = 10.0.40219.1
Project("{8BC9CEB8-8B4A-11D0-8D11-00A0C91BC942}") = "10_template", "10_template\10_template.vcxproj", "{3DC4835A-31C4-4DA5-8734-44FF49EF6ABD}"
EndProject
Project("{8BC9CEB8-8B4A-11D0-8D11-00A0C91BC942}") = "10_dz1", "10_dz1\10_dz1.vcxproj", "{787D8CA2-47F4-48BD-B6A3-4530141A0EB1}"
EndProject
Project("{8BC9CEB8-8B4A-11D0-8D11-00A0C91BC942}") = "11_oop", "11_oop\11_oop.vcxproj", "{48674E69-C19C-4045-82D7-63A89E4FCF1D}"
EndProject
Project("{8BC9CEB8-8B4A-11D0-8D11-00A0C91BC942}") = "12_stack", "12_stack\12_stack.vcxproj", "{83B98796-9394-4814-954B-FEDC83E412AF}"
EndProject
Project("{8BC9CEB8-8B4A-11D0-8D11-00A0C91BC942}") = "12_dz", "12_вя\12_вя.vcxproj", "{B916472A-BD4D-4A07-932A-28B07E11BB3B}"
EndProject
Project("{8BC9CEB8-8B4A-11D0-8D11-00A0C91BC942}") = "13_dz", "13_dz\13_dz.vcxproj", "{449EE59D-1971-484D-8F96-5EB5EC6EF4E6}"
EndProject
Project("{8BC9CEB8-8B4A-11D0-8D11-00A0C91BC942}") = "14_class", "14_class\14_class.vcxproj", "{FEBF70CE-D81C-47F5-9607-723761F5CF8C}"
EndProject
Project("{8BC9CEB8-8B4A-11D0-8D11-00A0C91BC942}") = "15_class", "15_class\15_class.vcxproj", "{3AC148C1-A872-4BC7-A5E7-28F8F36D5143}"
EndProject
Project("{8BC9CEB8-8B4A-11D0-8D11-00A0C91BC942}") = "16_class", "16_class\16_class.vcxproj", "{51E49193-2BC2-4687-8360-9D78303D02FC}"
EndProject
Project("{8BC9CEB8-8B4A-11D0-8D11-00A0C91BC942}") = "16_classs", "16_classs\16_classs.vcxproj", "{5C173396-D99E-4CAC-9328-B416073F972A}"
EndProject
Project("{8BC9CEB8-8B4A-11D0-8D11-00A0C91BC942}") = "15_dz", "15_dz\15_dz.vcxproj", "{865359F2-70EB-48B5-B171-E64184D388F7}"
EndProject
Project("{8BC9CEB8-8B4A-11D0-8D11-00A0C91BC942}") = "17_class", "17_class\17_class.vcxproj", "{3C0C83B4-AC1E-41D7-91AE-02195EEE607A}"
EndProject
Project("{8BC9CEB8-8B4A-11D0-8D11-00A0C91BC942}") = "17_2_class", "17_2_class\17_2_class.vcxproj", "{CBE7504C-6AAA-4C93-B123-4CED55E02DD9}"
EndProject
Project("{8BC9CEB8-8B4A-11D0-8D11-00A0C91BC942}") = "18_vector", "18_vector\18_vector.vcxproj", "{31191DA3-2563-42C9-985F-D8741A49FF91}"
EndProject
Project("{8BC9CEB8-8B4A-11D0-8D11-00A0C91BC942}") = "19_class", "19_class\19_class.vcxproj", "{7D72D2D0-E1A8-45A8-A5FD-A82B3A8141CB}"
EndProject
Project("{8BC9CEB8-8B4A-11D0-8D11-00A0C91BC942}") = "19_dz", "19_dz\19_dz.vcxproj", "{618DB7D3-E58A-4D12-8738-45624CD6554B}"
EndProject
Project("{8BC9CEB8-8B4A-11D0-8D11-00A0C91BC942}") = "20_class", "20_class\20_class.vcxproj", "{1EB82773-2424-4AF0-B1A7-ED22B4830963}"
EndProject
Project("{8BC9CEB8-8B4A-11D0-8D11-00A0C91BC942}") = "20_dz", "20_dz\20_dz.vcxproj", "{C383D9CB-539A-4089-BD9E-0B02ED9DF50A}"
EndProject
Project("{8BC9CEB8-8B4A-11D0-8D11-00A0C91BC942}") = "21_class", "21_class\21_class.vcxproj", "{C10E3C96-E9D9-4EC7-9CFC-256F0E4758BD}"
EndProject
Project("{8BC9CEB8-8B4A-11D0-8D11-00A0C91BC942}") = "22_class", "22_class\22_class.vcxproj", "{6800A8C6-696D-4EC4-9507-3DB336104BE7}"
EndProject
Project("{8BC9CEB8-8B4A-11D0-8D11-00A0C91BC942}") = "22_2_class", "22_2_class\22_2_class.vcxproj", "{D99DE655-B2F5-471F-A661-7F638EBD16BA}"
EndProject
Project("{8BC9CEB8-8B4A-11D0-8D11-00A0C91BC942}") = "23_class", "23_class\23_class.vcxproj", "{4544605C-CCBD-408B-A175-995060166E9A}"
EndProject
Global
	GlobalSection(SolutionConfigurationPlatforms) = preSolution
		Debug|x64 = Debug|x64
		Debug|x86 = Debug|x86
		Release|x64 = Release|x64
		Release|x86 = Release|x86
	EndGlobalSection
	GlobalSection(ProjectConfigurationPlatforms) = postSolution
		{3DC4835A-31C4-4DA5-8734-44FF49EF6ABD}.Debug|x64.ActiveCfg = Debug|x64
		{3DC4835A-31C4-4DA5-8734-44FF49EF6ABD}.Debug|x64.Build.0 = Debug|x64
		{3DC4835A-31C4-4DA5-8734-44FF49EF6ABD}.Debug|x86.ActiveCfg = Debug|Win32
		{3DC4835A-31C4-4DA5-8734-44FF49EF6ABD}.Debug|x86.Build.0 = Debug|Win32
		{3DC4835A-31C4-4DA5-8734-44FF49EF6ABD}.Release|x64.ActiveCfg = Release|x64
		{3DC4835A-31C4-4DA5-8734-44FF49EF6ABD}.Release|x64.Build.0 = Release|x64
		{3DC4835A-31C4-4DA5-8734-44FF49EF6ABD}.Release|x86.ActiveCfg = Release|Win32
		{3DC4835A-31C4-4DA5-8734-44FF49EF6ABD}.Release|x86.Build.0 = Release|Win32
		{787D8CA2-47F4-48BD-B6A3-4530141A0EB1}.Debug|x64.ActiveCfg = Debug|x64
		{787D8CA2-47F4-48BD-B6A3-4530141A0EB1}.Debug|x64.Build.0 = Debug|x64
		{787D8CA2-47F4-48BD-B6A3-4530141A0EB1}.Debug|x86.ActiveCfg = Debug|Win32
		{787D8CA2-47F4-48BD-B6A3-4530141A0EB1}.Debug|x86.Build.0 = Debug|Win32
		{787D8CA2-47F4-48BD-B6A3-4530141A0EB1}.Release|x64.ActiveCfg = Release|x64
		{787D8CA2-47F4-48BD-B6A3-4530141A0EB1}.Release|x64.Build.0 = Release|x64
		{787D8CA2-47F4-48BD-B6A3-4530141A0EB1}.Release|x86.ActiveCfg = Release|Win32
		{787D8CA2-47F4-48BD-B6A3-4530141A0EB1}.Release|x86.Build.0 = Release|Win32
		{48674E69-C19C-4045-82D7-63A89E4FCF1D}.Debug|x64.ActiveCfg = Debug|x64
		{48674E69-C19C-4045-82D7-63A89E4FCF1D}.Debug|x64.Build.0 = Debug|x64
		{48674E69-C19C-4045-82D7-63A89E4FCF1D}.Debug|x86.ActiveCfg = Debug|Win32
		{48674E69-C19C-4045-82D7-63A89E4FCF1D}.Debug|x86.Build.0 = Debug|Win32
		{48674E69-C19C-4045-82D7-63A89E4FCF1D}.Release|x64.ActiveCfg = Release|x64
		{48674E69-C19C-4045-82D7-63A89E4FCF1D}.Release|x64.Build.0 = Release|x64
		{48674E69-C19C-4045-82D7-63A89E4FCF1D}.Release|x86.ActiveCfg = Release|Win32
		{48674E69-C19C-4045-82D7-63A89E4FCF1D}.Release|x86.Build.0 = Release|Win32
		{83B98796-9394-4814-954B-FEDC83E412AF}.Debug|x64.ActiveCfg = Debug|x64
		{83B98796-9394-4814-954B-FEDC83E412AF}.Debug|x64.Build.0 = Debug|x64
		{83B98796-9394-4814-954B-FEDC83E412AF}.Debug|x86.ActiveCfg = Debug|Win32
		{83B98796-9394-4814-954B-FEDC83E412AF}.Debug|x86.Build.0 = Debug|Win32
		{83B98796-9394-4814-954B-FEDC83E412AF}.Release|x64.ActiveCfg = Release|x64
		{83B98796-9394-4814-954B-FEDC83E412AF}.Release|x64.Build.0 = Release|x64
		{83B98796-9394-4814-954B-FEDC83E412AF}.Release|x86.ActiveCfg = Release|Win32
		{83B98796-9394-4814-954B-FEDC83E412AF}.Release|x86.Build.0 = Release|Win32
		{B916472A-BD4D-4A07-932A-28B07E11BB3B}.Debug|x64.ActiveCfg = Debug|x64
		{B916472A-BD4D-4A07-932A-28B07E11BB3B}.Debug|x64.Build.0 = Debug|x64
		{B916472A-BD4D-4A07-932A-28B07E11BB3B}.Debug|x86.ActiveCfg = Debug|Win32
		{B916472A-BD4D-4A07-932A-28B07E11BB3B}.Debug|x86.Build.0 = Debug|Win32
		{B916472A-BD4D-4A07-932A-28B07E11BB3B}.Release|x64.ActiveCfg = Release|x64
		{B916472A-BD4D-4A07-932A-28B07E11BB3B}.Release|x64.Build.0 = Release|x64
		{B916472A-BD4D-4A07-932A-28B07E11BB3B}.Release|x86.ActiveCfg = Release|Win32
		{B916472A-BD4D-4A07-932A-28B07E11BB3B}.Release|x86.Build.0 = Release|Win32
		{449EE59D-1971-484D-8F96-5EB5EC6EF4E6}.Debug|x64.ActiveCfg = Debug|x64
		{449EE59D-1971-484D-8F96-5EB5EC6EF4E6}.Debug|x64.Build.0 = Debug|x64
		{449EE59D-1971-484D-8F96-5EB5EC6EF4E6}.Debug|x86.ActiveCfg = Debug|Win32
		{449EE59D-1971-484D-8F96-5EB5EC6EF4E6}.Debug|x86.Build.0 = Debug|Win32
		{449EE59D-1971-484D-8F96-5EB5EC6EF4E6}.Release|x64.ActiveCfg = Release|x64
		{449EE59D-1971-484D-8F96-5EB5EC6EF4E6}.Release|x64.Build.0 = Release|x64
		{449EE59D-1971-484D-8F96-5EB5EC6EF4E6}.Release|x86.ActiveCfg = Release|Win32
		{449EE59D-1971-484D-8F96-5EB5EC6EF4E6}.Release|x86.Build.0 = Release|Win32
		{FEBF70CE-D81C-47F5-9607-723761F5CF8C}.Debug|x64.ActiveCfg = Debug|x64
		{FEBF70CE-D81C-47F5-9607-723761F5CF8C}.Debug|x64.Build.0 = Debug|x64
		{FEBF70CE-D81C-47F5-9607-723761F5CF8C}.Debug|x86.ActiveCfg = Debug|Win32
		{FEBF70CE-D81C-47F5-9607-723761F5CF8C}.Debug|x86.Build.0 = Debug|Win32
		{FEBF70CE-D81C-47F5-9607-723761F5CF8C}.Release|x64.ActiveCfg = Release|x64
		{FEBF70CE-D81C-47F5-9607-723761F5CF8C}.Release|x64.Build.0 = Release|x64
		{FEBF70CE-D81C-47F5-9607-723761F5CF8C}.Release|x86.ActiveCfg = Release|Win32
		{FEBF70CE-D81C-47F5-9607-723761F5CF8C}.Release|x86.Build.0 = Release|Win32
		{3AC148C1-A872-4BC7-A5E7-28F8F36D5143}.Debug|x64.ActiveCfg = Debug|x64
		{3AC148C1-A872-4BC7-A5E7-28F8F36D5143}.Debug|x64.Build.0 = Debug|x64
		{3AC148C1-A872-4BC7-A5E7-28F8F36D5143}.Debug|x86.ActiveCfg = Debug|Win32
		{3AC148C1-A872-4BC7-A5E7-28F8F36D5143}.Debug|x86.Build.0 = Debug|Win32
		{3AC148C1-A872-4BC7-A5E7-28F8F36D5143}.Release|x64.ActiveCfg = Release|x64
		{3AC148C1-A872-4BC7-A5E7-28F8F36D5143}.Release|x64.Build.0 = Release|x64
		{3AC148C1-A872-4BC7-A5E7-28F8F36D5143}.Release|x86.ActiveCfg = Release|Win32
		{3AC148C1-A872-4BC7-A5E7-28F8F36D5143}.Release|x86.Build.0 = Release|Win32
		{51E49193-2BC2-4687-8360-9D78303D02FC}.Debug|x64.ActiveCfg = Debug|x64
		{51E49193-2BC2-4687-8360-9D78303D02FC}.Debug|x64.Build.0 = Debug|x64
		{51E49193-2BC2-4687-8360-9D78303D02FC}.Debug|x86.ActiveCfg = Debug|Win32
		{51E49193-2BC2-4687-8360-9D78303D02FC}.Debug|x86.Build.0 = Debug|Win32
		{51E49193-2BC2-4687-8360-9D78303D02FC}.Release|x64.ActiveCfg = Release|x64
		{51E49193-2BC2-4687-8360-9D78303D02FC}.Release|x64.Build.0 = Release|x64
		{51E49193-2BC2-4687-8360-9D78303D02FC}.Release|x86.ActiveCfg = Release|Win32
		{51E49193-2BC2-4687-8360-9D78303D02FC}.Release|x86.Build.0 = Release|Win32
		{5C173396-D99E-4CAC-9328-B416073F972A}.Debug|x64.ActiveCfg = Debug|x64
		{5C173396-D99E-4CAC-9328-B416073F972A}.Debug|x64.Build.0 = Debug|x64
		{5C173396-D99E-4CAC-9328-B416073F972A}.Debug|x86.ActiveCfg = Debug|Win32
		{5C173396-D99E-4CAC-9328-B416073F972A}.Debug|x86.Build.0 = Debug|Win32
		{5C173396-D99E-4CAC-9328-B416073F972A}.Release|x64.ActiveCfg = Release|x64
		{5C173396-D99E-4CAC-9328-B416073F972A}.Release|x64.Build.0 = Release|x64
		{5C173396-D99E-4CAC-9328-B416073F972A}.Release|x86.ActiveCfg = Release|Win32
		{5C173396-D99E-4CAC-9328-B416073F972A}.Release|x86.Build.0 = Release|Win32
		{865359F2-70EB-48B5-B171-E64184D388F7}.Debug|x64.ActiveCfg = Debug|x64
		{865359F2-70EB-48B5-B171-E64184D388F7}.Debug|x64.Build.0 = Debug|x64
		{865359F2-70EB-48B5-B171-E64184D388F7}.Debug|x86.ActiveCfg = Debug|Win32
		{865359F2-70EB-48B5-B171-E64184D388F7}.Debug|x86.Build.0 = Debug|Win32
		{865359F2-70EB-48B5-B171-E64184D388F7}.Release|x64.ActiveCfg = Release|x64
		{865359F2-70EB-48B5-B171-E64184D388F7}.Release|x64.Build.0 = Release|x64
		{865359F2-70EB-48B5-B171-E64184D388F7}.Release|x86.ActiveCfg = Release|Win32
		{865359F2-70EB-48B5-B171-E64184D388F7}.Release|x86.Build.0 = Release|Win32
		{3C0C83B4-AC1E-41D7-91AE-02195EEE607A}.Debug|x64.ActiveCfg = Debug|x64
		{3C0C83B4-AC1E-41D7-91AE-02195EEE607A}.Debug|x64.Build.0 = Debug|x64
		{3C0C83B4-AC1E-41D7-91AE-02195EEE607A}.Debug|x86.ActiveCfg = Debug|Win32
		{3C0C83B4-AC1E-41D7-91AE-02195EEE607A}.Debug|x86.Build.0 = Debug|Win32
		{3C0C83B4-AC1E-41D7-91AE-02195EEE607A}.Release|x64.ActiveCfg = Release|x64
		{3C0C83B4-AC1E-41D7-91AE-02195EEE607A}.Release|x64.Build.0 = Release|x64
		{3C0C83B4-AC1E-41D7-91AE-02195EEE607A}.Release|x86.ActiveCfg = Release|Win32
		{3C0C83B4-AC1E-41D7-91AE-02195EEE607A}.Release|x86.Build.0 = Release|Win32
		{CBE7504C-6AAA-4C93-B123-4CED55E02DD9}.Debug|x64.ActiveCfg = Debug|x64
		{CBE7504C-6AAA-4C93-B123-4CED55E02DD9}.Debug|x64.Build.0 = Debug|x64
		{CBE7504C-6AAA-4C93-B123-4CED55E02DD9}.Debug|x86.ActiveCfg = Debug|Win32
		{CBE7504C-6AAA-4C93-B123-4CED55E02DD9}.Debug|x86.Build.0 = Debug|Win32
		{CBE7504C-6AAA-4C93-B123-4CED55E02DD9}.Release|x64.ActiveCfg = Release|x64
		{CBE7504C-6AAA-4C93-B123-4CED55E02DD9}.Release|x64.Build.0 = Release|x64
		{CBE7504C-6AAA-4C93-B123-4CED55E02DD9}.Release|x86.ActiveCfg = Release|Win32
		{CBE7504C-6AAA-4C93-B123-4CED55E02DD9}.Release|x86.Build.0 = Release|Win32
		{31191DA3-2563-42C9-985F-D8741A49FF91}.Debug|x64.ActiveCfg = Debug|x64
		{31191DA3-2563-42C9-985F-D8741A49FF91}.Debug|x64.Build.0 = Debug|x64
		{31191DA3-2563-42C9-985F-D8741A49FF91}.Debug|x86.ActiveCfg = Debug|Win32
		{31191DA3-2563-42C9-985F-D8741A49FF91}.Debug|x86.Build.0 = Debug|Win32
		{31191DA3-2563-42C9-985F-D8741A49FF91}.Release|x64.ActiveCfg = Release|x64
		{31191DA3-2563-42C9-985F-D8741A49FF91}.Release|x64.Build.0 = Release|x64
		{31191DA3-2563-42C9-985F-D8741A49FF91}.Release|x86.ActiveCfg = Release|Win32
		{31191DA3-2563-42C9-985F-D8741A49FF91}.Release|x86.Build.0 = Release|Win32
		{7D72D2D0-E1A8-45A8-A5FD-A82B3A8141CB}.Debug|x64.ActiveCfg = Debug|x64
		{7D72D2D0-E1A8-45A8-A5FD-A82B3A8141CB}.Debug|x64.Build.0 = Debug|x64
		{7D72D2D0-E1A8-45A8-A5FD-A82B3A8141CB}.Debug|x86.ActiveCfg = Debug|Win32
		{7D72D2D0-E1A8-45A8-A5FD-A82B3A8141CB}.Debug|x86.Build.0 = Debug|Win32
		{7D72D2D0-E1A8-45A8-A5FD-A82B3A8141CB}.Release|x64.ActiveCfg = Release|x64
		{7D72D2D0-E1A8-45A8-A5FD-A82B3A8141CB}.Release|x64.Build.0 = Release|x64
		{7D72D2D0-E1A8-45A8-A5FD-A82B3A8141CB}.Release|x86.ActiveCfg = Release|Win32
		{7D72D2D0-E1A8-45A8-A5FD-A82B3A8141CB}.Release|x86.Build.0 = Release|Win32
		{618DB7D3-E58A-4D12-8738-45624CD6554B}.Debug|x64.ActiveCfg = Debug|x64
		{618DB7D3-E58A-4D12-8738-45624CD6554B}.Debug|x64.Build.0 = Debug|x64
		{618DB7D3-E58A-4D12-8738-45624CD6554B}.Debug|x86.ActiveCfg = Debug|Win32
		{618DB7D3-E58A-4D12-8738-45624CD6554B}.Debug|x86.Build.0 = Debug|Win32
		{618DB7D3-E58A-4D12-8738-45624CD6554B}.Release|x64.ActiveCfg = Release|x64
		{618DB7D3-E58A-4D12-8738-45624CD6554B}.Release|x64.Build.0 = Release|x64
		{618DB7D3-E58A-4D12-8738-45624CD6554B}.Release|x86.ActiveCfg = Release|Win32
		{618DB7D3-E58A-4D12-8738-45624CD6554B}.Release|x86.Build.0 = Release|Win32
		{1EB82773-2424-4AF0-B1A7-ED22B4830963}.Debug|x64.ActiveCfg = Debug|x64
		{1EB82773-2424-4AF0-B1A7-ED22B4830963}.Debug|x64.Build.0 = Debug|x64
		{1EB82773-2424-4AF0-B1A7-ED22B4830963}.Debug|x86.ActiveCfg = Debug|Win32
		{1EB82773-2424-4AF0-B1A7-ED22B4830963}.Debug|x86.Build.0 = Debug|Win32
		{1EB82773-2424-4AF0-B1A7-ED22B4830963}.Release|x64.ActiveCfg = Release|x64
		{1EB82773-2424-4AF0-B1A7-ED22B4830963}.Release|x64.Build.0 = Release|x64
		{1EB82773-2424-4AF0-B1A7-ED22B4830963}.Release|x86.ActiveCfg = Release|Win32
		{1EB82773-2424-4AF0-B1A7-ED22B4830963}.Release|x86.Build.0 = Release|Win32
		{C383D9CB-539A-4089-BD9E-0B02ED9DF50A}.Debug|x64.ActiveCfg = Debug|x64
		{C383D9CB-539A-4089-BD9E-0B02ED9DF50A}.Debug|x64.Build.0 = Debug|x64
		{C383D9CB-539A-4089-BD9E-0B02ED9DF50A}.Debug|x86.ActiveCfg = Debug|Win32
		{C383D9CB-539A-4089-BD9E-0B02ED9DF50A}.Debug|x86.Build.0 = Debug|Win32
		{C383D9CB-539A-4089-BD9E-0B02ED9DF50A}.Release|x64.ActiveCfg = Release|x64
		{C383D9CB-539A-4089-BD9E-0B02ED9DF50A}.Release|x64.Build.0 = Release|x64
		{C383D9CB-539A-4089-BD9E-0B02ED9DF50A}.Release|x86.ActiveCfg = Release|Win32
		{C383D9CB-539A-4089-BD9E-0B02ED9DF50A}.Release|x86.Build.0 = Release|Win32
		{C10E3C96-E9D9-4EC7-9CFC-256F0E4758BD}.Debug|x64.ActiveCfg = Debug|x64
		{C10E3C96-E9D9-4EC7-9CFC-256F0E4758BD}.Debug|x64.Build.0 = Debug|x64
		{C10E3C96-E9D9-4EC7-9CFC-256F0E4758BD}.Debug|x86.ActiveCfg = Debug|Win32
		{C10E3C96-E9D9-4EC7-9CFC-256F0E4758BD}.Debug|x86.Build.0 = Debug|Win32
		{C10E3C96-E9D9-4EC7-9CFC-256F0E4758BD}.Release|x64.ActiveCfg = Release|x64
		{C10E3C96-E9D9-4EC7-9CFC-256F0E4758BD}.Release|x64.Build.0 = Release|x64
		{C10E3C96-E9D9-4EC7-9CFC-256F0E4758BD}.Release|x86.ActiveCfg = Release|Win32
		{C10E3C96-E9D9-4EC7-9CFC-256F0E4758BD}.Release|x86.Build.0 = Release|Win32
		{6800A8C6-696D-4EC4-9507-3DB336104BE7}.Debug|x64.ActiveCfg = Debug|x64
		{6800A8C6-696D-4EC4-9507-3DB336104BE7}.Debug|x64.Build.0 = Debug|x64
		{6800A8C6-696D-4EC4-9507-3DB336104BE7}.Debug|x86.ActiveCfg = Debug|Win32
		{6800A8C6-696D-4EC4-9507-3DB336104BE7}.Debug|x86.Build.0 = Debug|Win32
		{6800A8C6-696D-4EC4-9507-3DB336104BE7}.Release|x64.ActiveCfg = Release|x64
		{6800A8C6-696D-4EC4-9507-3DB336104BE7}.Release|x64.Build.0 = Release|x64
		{6800A8C6-696D-4EC4-9507-3DB336104BE7}.Release|x86.ActiveCfg = Release|Win32
		{6800A8C6-696D-4EC4-9507-3DB336104BE7}.Release|x86.Build.0 = Release|Win32
		{D99DE655-B2F5-471F-A661-7F638EBD16BA}.Debug|x64.ActiveCfg = Debug|x64
		{D99DE655-B2F5-471F-A661-7F638EBD16BA}.Debug|x64.Build.0 = Debug|x64
		{D99DE655-B2F5-471F-A661-7F638EBD16BA}.Debug|x86.ActiveCfg = Debug|Win32
		{D99DE655-B2F5-471F-A661-7F638EBD16BA}.Debug|x86.Build.0 = Debug|Win32
		{D99DE655-B2F5-471F-A661-7F638EBD16BA}.Release|x64.ActiveCfg = Release|x64
		{D99DE655-B2F5-471F-A661-7F638EBD16BA}.Release|x64.Build.0 = Release|x64
		{D99DE655-B2F5-471F-A661-7F638EBD16BA}.Release|x86.ActiveCfg = Release|Win32
		{D99DE655-B2F5-471F-A661-7F638EBD16BA}.Release|x86.Build.0 = Release|Win32
		{4544605C-CCBD-408B-A175-995060166E9A}.Debug|x64.ActiveCfg = Debug|x64
		{4544605C-CCBD-408B-A175-995060166E9A}.Debug|x64.Build.0 = Debug|x64
		{4544605C-CCBD-408B-A175-995060166E9A}.Debug|x86.ActiveCfg = Debug|Win32
		{4544605C-CCBD-408B-A175-995060166E9A}.Debug|x86.Build.0 = Debug|Win32
		{4544605C-CCBD-408B-A175-995060166E9A}.Release|x64.ActiveCfg = Release|x64
		{4544605C-CCBD-408B-A175-995060166E9A}.Release|x64.Build.0 = Release|x64
		{4544605C-CCBD-408B-A175-995060166E9A}.Release|x86.ActiveCfg = Release|Win32
		{4544605C-CCBD-408B-A175-995060166E9A}.Release|x86.Build.0 = Release|Win32
	EndGlobalSection
	GlobalSection(SolutionProperties) = preSolution
		HideSolutionNode = FALSE
	EndGlobalSection
	GlobalSection(ExtensibilityGlobals) = postSolution
		SolutionGuid = {16609923-A8CD-4FA2-A1F1-BA1DFC85BAA6}
	EndGlobalSection
EndGlobal
