
Microsoft Visual Studio Solution File, Format Version 12.00
# Visual Studio Version 17
VisualStudioVersion = 17.11.35222.181
MinimumVisualStudioVersion = 10.0.40219.1
Project("{8BC9CEB8-8B4A-11D0-8D11-00A0C91BC942}") = "10_template", "10_template\10_template.vcxproj", "{3DC4835A-31C4-4DA5-8734-44FF49EF6ABD}"
EndProject
Project("{8BC9CEB8-8B4A-11D0-8D11-00A0C91BC942}") = "10_dz1", "10_dz1\10_dz1.vcxproj", "{787D8CA2-47F4-48BD-B6A3-4530141A0EB1}"
EndProject
Project("{8BC9CEB8-8B4A-11D0-8D11-00A0C91BC942}") = "11_oop", "11_oop\11_oop.vcxproj", "{48674E69-C19C-4045-82D7-63A89E4FCF1D}"
EndProject
Project("{8BC9CEB8-8B4A-11D0-8D11-00A0C91BC942}") = "12_stack", "12_stack\12_stack.vcxproj", "{83B98796-9394-4814-954B-FEDC83E412AF}"
EndProject
Project("{8BC9CEB8-8B4A-11D0-8D11-00A0C91BC942}") = "12_dz", "12_вя\12_вя.vcxproj", "{B916472A-BD4D-4A07-932A-28B07E11BB3B}"
EndProject
Project("{8BC9CEB8-8B4A-11D0-8D11-00A0C91BC942}") = "13_dz", "13_dz\13_dz.vcxproj", "{449EE59D-1971-484D-8F96-5EB5EC6EF4E6}"
EndProject
Project("{8BC9CEB8-8B4A-11D0-8D11-00A0C91BC942}") = "14_class", "14_class\14_class.vcxproj", "{FEBF70CE-D81C-47F5-9607-723761F5CF8C}"
EndProject
Project("{8BC9CEB8-8B4A-11D0-8D11-00A0C91BC942}") = "15_class", "15_class\15_class.vcxproj", "{3AC148C1-A872-4BC7-A5E7-28F8F36D5143}"
EndProject
Project("{8BC9CEB8-8B4A-11D0-8D11-00A0C91BC942}") = "16_class", "16_class\16_class.vcxproj", "{51E49193-2BC2-4687-8360-9D78303D02FC}"
EndProject
Project("{8BC9CEB8-8B4A-11D0-8D11-00A0C91BC942}") = "16_classs", "16_classs\16_classs.vcxproj", "{5C173396-D99E-4CAC-9328-B416073F972A}"
EndProject
Global
	GlobalSection(SolutionConfigurationPlatforms) = preSolution
		Debug|x64 = Debug|x64
		Debug|x86 = Debug|x86
		Release|x64 = Release|x64
		Release|x86 = Release|x86
	EndGlobalSection
	GlobalSection(ProjectConfigurationPlatforms) = postSolution
		{3DC4835A-31C4-4DA5-8734-44FF49EF6ABD}.Debug|x64.ActiveCfg = Debug|x64
		{3DC4835A-31C4-4DA5-8734-44FF49EF6ABD}.Debug|x64.Build.0 = Debug|x64
		{3DC4835A-31C4-4DA5-8734-44FF49EF6ABD}.Debug|x86.ActiveCfg = Debug|Win32
		{3DC4835A-31C4-4DA5-8734-44FF49EF6ABD}.Debug|x86.Build.0 = Debug|Win32
		{3DC4835A-31C4-4DA5-8734-44FF49EF6ABD}.Release|x64.ActiveCfg = Release|x64
		{3DC4835A-31C4-4DA5-8734-44FF49EF6ABD}.Release|x64.Build.0 = Release|x64
		{3DC4835A-31C4-4DA5-8734-44FF49EF6ABD}.Release|x86.ActiveCfg = Release|Win32
		{3DC4835A-31C4-4DA5-8734-44FF49EF6ABD}.Release|x86.Build.0 = Release|Win32
		{787D8CA2-47F4-48BD-B6A3-4530141A0EB1}.Debug|x64.ActiveCfg = Debug|x64
		{787D8CA2-47F4-48BD-B6A3-4530141A0EB1}.Debug|x64.Build.0 = Debug|x64
		{787D8CA2-47F4-48BD-B6A3-4530141A0EB1}.Debug|x86.ActiveCfg = Debug|Win32
		{787D8CA2-47F4-48BD-B6A3-4530141A0EB1}.Debug|x86.Build.0 = Debug|Win32
		{787D8CA2-47F4-48BD-B6A3-4530141A0EB1}.Release|x64.ActiveCfg = Release|x64
		{787D8CA2-47F4-48BD-B6A3-4530141A0EB1}.Release|x64.Build.0 = Release|x64
		{787D8CA2-47F4-48BD-B6A3-4530141A0EB1}.Release|x86.ActiveCfg = Release|Win32
		{787D8CA2-47F4-48BD-B6A3-4530141A0EB1}.Release|x86.Build.0 = Release|Win32
		{48674E69-C19C-4045-82D7-63A89E4FCF1D}.Debug|x64.ActiveCfg = Debug|x64
		{48674E69-C19C-4045-82D7-63A89E4FCF1D}.Debug|x64.Build.0 = Debug|x64
		{48674E69-C19C-4045-82D7-63A89E4FCF1D}.Debug|x86.ActiveCfg = Debug|Win32
		{48674E69-C19C-4045-82D7-63A89E4FCF1D}.Debug|x86.Build.0 = Debug|Win32
		{48674E69-C19C-4045-82D7-63A89E4FCF1D}.Release|x64.ActiveCfg = Release|x64
		{48674E69-C19C-4045-82D7-63A89E4FCF1D}.Release|x64.Build.0 = Release|x64
		{48674E69-C19C-4045-82D7-63A89E4FCF1D}.Release|x86.ActiveCfg = Release|Win32
		{48674E69-C19C-4045-82D7-63A89E4FCF1D}.Release|x86.Build.0 = Release|Win32
		{83B98796-9394-4814-954B-FEDC83E412AF}.Debug|x64.ActiveCfg = Debug|x64
		{83B98796-9394-4814-954B-FEDC83E412AF}.Debug|x64.Build.0 = Debug|x64
		{83B98796-9394-4814-954B-FEDC83E412AF}.Debug|x86.ActiveCfg = Debug|Win32
		{83B98796-9394-4814-954B-FEDC83E412AF}.Debug|x86.Build.0 = Debug|Win32
		{83B98796-9394-4814-954B-FEDC83E412AF}.Release|x64.ActiveCfg = Release|x64
		{83B98796-9394-4814-954B-FEDC83E412AF}.Release|x64.Build.0 = Release|x64
		{83B98796-9394-4814-954B-FEDC83E412AF}.Release|x86.ActiveCfg = Release|Win32
		{83B98796-9394-4814-954B-FEDC83E412AF}.Release|x86.Build.0 = Release|Win32
		{B916472A-BD4D-4A07-932A-28B07E11BB3B}.Debug|x64.ActiveCfg = Debug|x64
		{B916472A-BD4D-4A07-932A-28B07E11BB3B}.Debug|x64.Build.0 = Debug|x64
		{B916472A-BD4D-4A07-932A-28B07E11BB3B}.Debug|x86.ActiveCfg = Debug|Win32
		{B916472A-BD4D-4A07-932A-28B07E11BB3B}.Debug|x86.Build.0 = Debug|Win32
		{B916472A-BD4D-4A07-932A-28B07E11BB3B}.Release|x64.ActiveCfg = Release|x64
		{B916472A-BD4D-4A07-932A-28B07E11BB3B}.Release|x64.Build.0 = Release|x64
		{B916472A-BD4D-4A07-932A-28B07E11BB3B}.Release|x86.ActiveCfg = Release|Win32
		{B916472A-BD4D-4A07-932A-28B07E11BB3B}.Release|x86.Build.0 = Release|Win32
		{449EE59D-1971-484D-8F96-5EB5EC6EF4E6}.Debug|x64.ActiveCfg = Debug|x64
		{449EE59D-1971-484D-8F96-5EB5EC6EF4E6}.Debug|x64.Build.0 = Debug|x64
		{449EE59D-1971-484D-8F96-5EB5EC6EF4E6}.Debug|x86.ActiveCfg = Debug|Win32
		{449EE59D-1971-484D-8F96-5EB5EC6EF4E6}.Debug|x86.Build.0 = Debug|Win32
		{449EE59D-1971-484D-8F96-5EB5EC6EF4E6}.Release|x64.ActiveCfg = Release|x64
		{449EE59D-1971-484D-8F96-5EB5EC6EF4E6}.Release|x64.Build.0 = Release|x64
		{449EE59D-1971-484D-8F96-5EB5EC6EF4E6}.Release|x86.ActiveCfg = Release|Win32
		{449EE59D-1971-484D-8F96-5EB5EC6EF4E6}.Release|x86.Build.0 = Release|Win32
		{FEBF70CE-D81C-47F5-9607-723761F5CF8C}.Debug|x64.ActiveCfg = Debug|x64
		{FEBF70CE-D81C-47F5-9607-723761F5CF8C}.Debug|x64.Build.0 = Debug|x64
		{FEBF70CE-D81C-47F5-9607-723761F5CF8C}.Debug|x86.ActiveCfg = Debug|Win32
		{FEBF70CE-D81C-47F5-9607-723761F5CF8C}.Debug|x86.Build.0 = Debug|Win32
		{FEBF70CE-D81C-47F5-9607-723761F5CF8C}.Release|x64.ActiveCfg = Release|x64
		{FEBF70CE-D81C-47F5-9607-723761F5CF8C}.Release|x64.Build.0 = Release|x64
		{FEBF70CE-D81C-47F5-9607-723761F5CF8C}.Release|x86.ActiveCfg = Release|Win32
		{FEBF70CE-D81C-47F5-9607-723761F5CF8C}.Release|x86.Build.0 = Release|Win32
		{3AC148C1-A872-4BC7-A5E7-28F8F36D5143}.Debug|x64.ActiveCfg = Debug|x64
		{3AC148C1-A872-4BC7-A5E7-28F8F36D5143}.Debug|x64.Build.0 = Debug|x64
		{3AC148C1-A872-4BC7-A5E7-28F8F36D5143}.Debug|x86.ActiveCfg = Debug|Win32
		{3AC148C1-A872-4BC7-A5E7-28F8F36D5143}.Debug|x86.Build.0 = Debug|Win32
		{3AC148C1-A872-4BC7-A5E7-28F8F36D5143}.Release|x64.ActiveCfg = Release|x64
		{3AC148C1-A872-4BC7-A5E7-28F8F36D5143}.Release|x64.Build.0 = Release|x64
		{3AC148C1-A872-4BC7-A5E7-28F8F36D5143}.Release|x86.ActiveCfg = Release|Win32
		{3AC148C1-A872-4BC7-A5E7-28F8F36D5143}.Release|x86.Build.0 = Release|Win32
		{51E49193-2BC2-4687-8360-9D78303D02FC}.Debug|x64.ActiveCfg = Debug|x64
		{51E49193-2BC2-4687-8360-9D78303D02FC}.Debug|x64.Build.0 = Debug|x64
		{51E49193-2BC2-4687-8360-9D78303D02FC}.Debug|x86.ActiveCfg = Debug|Win32
		{51E49193-2BC2-4687-8360-9D78303D02FC}.Debug|x86.Build.0 = Debug|Win32
		{51E49193-2BC2-4687-8360-9D78303D02FC}.Release|x64.ActiveCfg = Release|x64
		{51E49193-2BC2-4687-8360-9D78303D02FC}.Release|x64.Build.0 = Release|x64
		{51E49193-2BC2-4687-8360-9D78303D02FC}.Release|x86.ActiveCfg = Release|Win32
		{51E49193-2BC2-4687-8360-9D78303D02FC}.Release|x86.Build.0 = Release|Win32
		{5C173396-D99E-4CAC-9328-B416073F972A}.Debug|x64.ActiveCfg = Debug|x64
		{5C173396-D99E-4CAC-9328-B416073F972A}.Debug|x64.Build.0 = Debug|x64
		{5C173396-D99E-4CAC-9328-B416073F972A}.Debug|x86.ActiveCfg = Debug|Win32
		{5C173396-D99E-4CAC-9328-B416073F972A}.Debug|x86.Build.0 = Debug|Win32
		{5C173396-D99E-4CAC-9328-B416073F972A}.Release|x64.ActiveCfg = Release|x64
		{5C173396-D99E-4CAC-9328-B416073F972A}.Release|x64.Build.0 = Release|x64
		{5C173396-D99E-4CAC-9328-B416073F972A}.Release|x86.ActiveCfg = Release|Win32
		{5C173396-D99E-4CAC-9328-B416073F972A}.Release|x86.Build.0 = Release|Win32
	EndGlobalSection
	GlobalSection(SolutionProperties) = preSolution
		HideSolutionNode = FALSE
	EndGlobalSection
	GlobalSection(ExtensibilityGlobals) = postSolution
		SolutionGuid = {16609923-A8CD-4FA2-A1F1-BA1DFC85BAA6}
	EndGlobalSection
EndGlobal
